
Microsoft Visual Studio Solution File, Format Version 12.00
# Visual Studio Version 17
VisualStudioVersion = 17.9.34622.214
MinimumVisualStudioVersion = 10.0.40219.1
Project("{FAE04EC0-301F-11D3-BF4B-00C04F79EFBC}") = "PagoEmpleados", "PagoEmpleados\PagoEmpleados.csproj", "{2F94759D-F430-4ABA-A8EE-ABFF9F3C5055}"
EndProject
Global
	GlobalSection(SolutionConfigurationPlatforms) = preSolution
		Debug|Any CPU = Debug|Any CPU
		Release|Any CPU = Release|Any CPU
	EndGlobalSection
	GlobalSection(ProjectConfigurationPlatforms) = postSolution
		{2F94759D-F430-4ABA-A8EE-ABFF9F3C5055}.Debug|Any CPU.ActiveCfg = Debug|Any CPU
		{2F94759D-F430-4ABA-A8EE-ABFF9F3C5055}.Debug|Any CPU.Build.0 = Debug|Any CPU
		{2F94759D-F430-4ABA-A8EE-ABFF9F3C5055}.Release|Any CPU.ActiveCfg = Release|Any CPU
		{2F94759D-F430-4ABA-A8EE-ABFF9F3C5055}.Release|Any CPU.Build.0 = Release|Any CPU
	EndGlobalSection
	GlobalSection(SolutionProperties) = preSolution
		HideSolutionNode = FALSE
	EndGlobalSection
	GlobalSection(ExtensibilityGlobals) = postSolution
		SolutionGuid = {75987EF9-C2AD-4BD9-A93F-51590BAB8E2A}
	EndGlobalSection
EndGlobal
