
Microsoft Visual Studio Solution File, Format Version 12.00
# Visual Studio Version 17
VisualStudioVersion = 17.9.34616.47
MinimumVisualStudioVersion = 10.0.40219.1
Project("{FAE04EC0-301F-11D3-BF4B-00C04F79EFBC}") = "estacionamiento", "estacionamiento.csproj", "{5F9C0339-3227-4659-9240-0C7875FDFCEF}"
EndProject
Global
	GlobalSection(SolutionConfigurationPlatforms) = preSolution
		Debug|Any CPU = Debug|Any CPU
		Release|Any CPU = Release|Any CPU
	EndGlobalSection
	GlobalSection(ProjectConfigurationPlatforms) = postSolution
		{5F9C0339-3227-4659-9240-0C7875FDFCEF}.Debug|Any CPU.ActiveCfg = Debug|Any CPU
		{5F9C0339-3227-4659-9240-0C7875FDFCEF}.Debug|Any CPU.Build.0 = Debug|Any CPU
		{5F9C0339-3227-4659-9240-0C7875FDFCEF}.Release|Any CPU.ActiveCfg = Release|Any CPU
		{5F9C0339-3227-4659-9240-0C7875FDFCEF}.Release|Any CPU.Build.0 = Release|Any CPU
	EndGlobalSection
	GlobalSection(SolutionProperties) = preSolution
		HideSolutionNode = FALSE
	EndGlobalSection
	GlobalSection(ExtensibilityGlobals) = postSolution
		SolutionGuid = {9E50D73F-7116-4E45-B043-AC88E810294D}
	EndGlobalSection
EndGlobal
